<?xml version="1.0" encoding="utf-8"?>
<Project ToolsVersion="4.0" xmlns="http://schemas.microsoft.com/developer/msbuild/2003">
  <ItemGroup>
    <Filter Include="Source Files">
      <UniqueIdentifier>{e4e3d3e9-d3c3-4ebe-a199-eeb103b10a0d}</UniqueIdentifier>
      <Extensions>cpp;c;cxx;rc;def;r;odl;idl;hpj;bat</Extensions>
    </Filter>
    <Filter Include="Header Files">
      <UniqueIdentifier>{4ddda3cd-eae0-440b-8302-5d57cf475a5e}</UniqueIdentifier>
      <Extensions>h;hpp;hxx;hm;inl</Extensions>
    </Filter>
    <Filter Include="Resource Files">
      <UniqueIdentifier>{fc363280-7953-4f16-a2c5-0637c84b0bf9}</UniqueIdentifier>
      <Extensions>ico;cur;bmp;dlg;rc2;rct;bin;rgs;gif;jpg;jpeg;jpe</Extensions>
    </Filter>
  </ItemGroup>
  <ItemGroup>
    <ClInclude Include="legomindstormsfunc.h">
      <Filter>Header Files</Filter>
    </ClInclude>
    <ClInclude Include="legomindstormsfunc_motor.h">
      <Filter>Header Files</Filter>
    </ClInclude>
    <ClInclude Include="legomindstormsfunc_move.h">
      <Filter>Header Files</Filter>
    </ClInclude>
    <ClInclude Include="legomindstormsfunc_path.h">
      <Filter>Header Files</Filter>
    </ClInclude>
    <ClInclude Include="legomindstormsfunc_priv.h">
      <Filter>Header Files</Filter>
    </ClInclude>
    <ClInclude Include="legomindstormsfunc_sense.h">
      <Filter>Header Files</Filter>
    </ClInclude>
    <ClInclude Include="legomindstormsfunc_util.h">
      <Filter>Header Files</Filter>
    </ClInclude>
    <ClInclude Include="..\..\FMEPluginCommon\fmepluginutil.h">
      <Filter>Header Files</Filter>
    </ClInclude>
    <ClInclude Include="..\..\..\..\..\cpp\fmestring.h">
      <Filter>Header Files</Filter>
    </ClInclude>
  </ItemGroup>
  <ItemGroup>
    <ClCompile Include="legomindstormsfunc.cpp">
      <Filter>Source Files</Filter>
    </ClCompile>
    <ClCompile Include="..\..\FMEPluginCommon\fmepluginutil.cpp">
      <Filter>Source Files</Filter>
    </ClCompile>
    <ClCompile Include="..\..\..\..\..\cpp\fmestring.cpp">
      <Filter>Source Files</Filter>
    </ClCompile>
    <ClCompile Include="legomindstormsfunc_util.cpp">
      <Filter>Source Files</Filter>
    </ClCompile>
    <ClCompile Include="legomindstormsfunc_sense.cpp">
      <Filter>Source Files</Filter>
    </ClCompile>
    <ClCompile Include="legomindstormsfunc_move.cpp">
      <Filter>Source Files</Filter>
    </ClCompile>
    <ClCompile Include="legomindstormsfunc_motor.cpp">
      <Filter>Source Files</Filter>
    </ClCompile>
    <ClCompile Include="legomindstormsfunc_path.cpp">
      <Filter>Source Files</Filter>
    </ClCompile>
  </ItemGroup>
  <ItemGroup>
    <ResourceCompile Include="legomindstormsfunc.rc">
      <Filter>Resource Files</Filter>
    </ResourceCompile>
  </ItemGroup>
</Project>